
Microsoft Visual Studio Solution File, Format Version 12.00
# Visual Studio Version 17
VisualStudioVersion = 17.13.36105.23 d17.13
MinimumVisualStudioVersion = 10.0.40219.1
Project("{888888A0-9F3D-457C-B088-3A5042F75D52}") = "FormulaEDataScraper", "FormulaEDataScraper.pyproj", "{512DA3D5-8EA8-4A26-A0B7-D1E635CE79B7}"
EndProject
Global
	GlobalSection(SolutionConfigurationPlatforms) = preSolution
		Debug|Any CPU = Debug|Any CPU
		Release|Any CPU = Release|Any CPU
	EndGlobalSection
	GlobalSection(ProjectConfigurationPlatforms) = postSolution
		{512DA3D5-8EA8-4A26-A0B7-D1E635CE79B7}.Debug|Any CPU.ActiveCfg = Debug|Any CPU
		{512DA3D5-8EA8-4A26-A0B7-D1E635CE79B7}.Release|Any CPU.ActiveCfg = Release|Any CPU
	EndGlobalSection
	GlobalSection(SolutionProperties) = preSolution
		HideSolutionNode = FALSE
	EndGlobalSection
	GlobalSection(ExtensibilityGlobals) = postSolution
		SolutionGuid = {F8194273-425B-4372-A0DC-9BC94FAA580D}
	EndGlobalSection
EndGlobal
